
Microsoft Visual Studio Solution File, Format Version 12.00
# Visual Studio 15
VisualStudioVersion = 15.0.27130.2036
MinimumVisualStudioVersion = 10.0.40219.1
Project("{2150E333-8FDC-42A3-9474-1A3956D46DE8}") = ".root", ".root", "{C29566A2-3F1C-467D-8721-3D51B7E7E56D}"
	ProjectSection(SolutionItems) = preProject
		.gitattributes = .gitattributes
		.gitignore = .gitignore
		General.props = General.props
		GlobalAssemblyInfo.cs = GlobalAssemblyInfo.cs
		LICENSE.txt = LICENSE.txt
		README.md = README.md
		Set-Version.ps1 = Set-Version.ps1
	EndProjectSection
EndProject
Project("{FAE04EC0-301F-11D3-BF4B-00C04F79EFBC}") = "RSMassTransit", "RSMassTransit\RSMassTransit.csproj", "{106852DE-445E-4179-91D7-440BDD9E9768}"
EndProject
Project("{FAE04EC0-301F-11D3-BF4B-00C04F79EFBC}") = "RSMassTransit.Tests", "RSMassTransit.Tests\RSMassTransit.Tests.csproj", "{323ECB36-5D4A-4C9D-8867-13A74F43FB5D}"
EndProject
Project("{FAE04EC0-301F-11D3-BF4B-00C04F79EFBC}") = "Sharp.Logging", "Sharp.Logging\Sharp.Logging.csproj", "{E1833026-1B85-4369-8CC2-D75B3EE6964F}"
EndProject
Project("{FAE04EC0-301F-11D3-BF4B-00C04F79EFBC}") = "Sharp.ServiceHost", "Sharp.ServiceHost\Sharp.ServiceHost.csproj", "{CBC506BA-11BF-4360-9F0E-946FEF647119}"
EndProject
Project("{FAE04EC0-301F-11D3-BF4B-00C04F79EFBC}") = "RSMassTransit.PowerShell", "RSMassTransit.PowerShell\RSMassTransit.PowerShell.csproj", "{E27CBD7E-6DD9-4240-9018-512526D3A987}"
EndProject
Global
	GlobalSection(SolutionConfigurationPlatforms) = preSolution
		Debug|Any CPU = Debug|Any CPU
		Release|Any CPU = Release|Any CPU
	EndGlobalSection
	GlobalSection(ProjectConfigurationPlatforms) = postSolution
		{106852DE-445E-4179-91D7-440BDD9E9768}.Debug|Any CPU.ActiveCfg = Debug|Any CPU
		{106852DE-445E-4179-91D7-440BDD9E9768}.Debug|Any CPU.Build.0 = Debug|Any CPU
		{106852DE-445E-4179-91D7-440BDD9E9768}.Release|Any CPU.ActiveCfg = Release|Any CPU
		{106852DE-445E-4179-91D7-440BDD9E9768}.Release|Any CPU.Build.0 = Release|Any CPU
		{323ECB36-5D4A-4C9D-8867-13A74F43FB5D}.Debug|Any CPU.ActiveCfg = Debug|Any CPU
		{323ECB36-5D4A-4C9D-8867-13A74F43FB5D}.Debug|Any CPU.Build.0 = Debug|Any CPU
		{323ECB36-5D4A-4C9D-8867-13A74F43FB5D}.Release|Any CPU.ActiveCfg = Release|Any CPU
		{323ECB36-5D4A-4C9D-8867-13A74F43FB5D}.Release|Any CPU.Build.0 = Release|Any CPU
		{E1833026-1B85-4369-8CC2-D75B3EE6964F}.Debug|Any CPU.ActiveCfg = Debug|Any CPU
		{E1833026-1B85-4369-8CC2-D75B3EE6964F}.Debug|Any CPU.Build.0 = Debug|Any CPU
		{E1833026-1B85-4369-8CC2-D75B3EE6964F}.Release|Any CPU.ActiveCfg = Release|Any CPU
		{E1833026-1B85-4369-8CC2-D75B3EE6964F}.Release|Any CPU.Build.0 = Release|Any CPU
		{CBC506BA-11BF-4360-9F0E-946FEF647119}.Debug|Any CPU.ActiveCfg = Debug|Any CPU
		{CBC506BA-11BF-4360-9F0E-946FEF647119}.Debug|Any CPU.Build.0 = Debug|Any CPU
		{CBC506BA-11BF-4360-9F0E-946FEF647119}.Release|Any CPU.ActiveCfg = Release|Any CPU
		{CBC506BA-11BF-4360-9F0E-946FEF647119}.Release|Any CPU.Build.0 = Release|Any CPU
		{E27CBD7E-6DD9-4240-9018-512526D3A987}.Debug|Any CPU.ActiveCfg = Debug|Any CPU
		{E27CBD7E-6DD9-4240-9018-512526D3A987}.Debug|Any CPU.Build.0 = Debug|Any CPU
		{E27CBD7E-6DD9-4240-9018-512526D3A987}.Release|Any CPU.ActiveCfg = Release|Any CPU
		{E27CBD7E-6DD9-4240-9018-512526D3A987}.Release|Any CPU.Build.0 = Release|Any CPU
	EndGlobalSection
	GlobalSection(SolutionProperties) = preSolution
		HideSolutionNode = FALSE
	EndGlobalSection
	GlobalSection(ExtensibilityGlobals) = postSolution
		SolutionGuid = {FB0AD8BC-9B4E-4DCE-BB2C-8DEBD7B76FEC}
	EndGlobalSection
EndGlobal
